// !$*UTF8*$!
{
	archiveVersion = 1;
	classes = {
	};
	objectVersion = 46;
	objects = {

/* Begin PBXBuildFile section */
		5AC81BFC1B18CDF700127B21 /* AppDelegate.swift in Sources */ = {isa = PBXBuildFile; fileRef = 5AC81BFB1B18CDF700127B21 /* AppDelegate.swift */; };
		5AC81BFE1B18CDF700127B21 /* ViewController.swift in Sources */ = {isa = PBXBuildFile; fileRef = 5AC81BFD1B18CDF700127B21 /* ViewController.swift */; };
		5AC81C011B18CDF700127B21 /* Main.storyboard in Resources */ = {isa = PBXBuildFile; fileRef = 5AC81BFF1B18CDF700127B21 /* Main.storyboard */; };
		5AC81C031B18CDF700127B21 /* Images.xcassets in Resources */ = {isa = PBXBuildFile; fileRef = 5AC81C021B18CDF700127B21 /* Images.xcassets */; };
		5AC81C061B18CDF700127B21 /* LaunchScreen.xib in Resources */ = {isa = PBXBuildFile; fileRef = 5AC81C041B18CDF700127B21 /* LaunchScreen.xib */; };
		5AC81C121B18CDF800127B21 /* DogYearsConverterTests.swift in Sources */ = {isa = PBXBuildFile; fileRef = 5AC81C111B18CDF800127B21 /* DogYearsConverterTests.swift */; };
		5AC81C1C1B18CEC700127B21 /* AgeOfLaika.jpg in Resources */ = {isa = PBXBuildFile; fileRef = 5AC81C1B1B18CEC700127B21 /* AgeOfLaika.jpg */; };
/* End PBXBuildFile section */

/* Begin PBXContainerItemProxy section */
		5AC81C0C1B18CDF800127B21 /* PBXContainerItemProxy */ = {
			isa = PBXContainerItemProxy;
			containerPortal = 5AC81BEE1B18CDF700127B21 /* Project object */;
			proxyType = 1;
			remoteGlobalIDString = 5AC81BF51B18CDF700127B21;
			remoteInfo = DogYearsConverter;
		};
/* End PBXContainerItemProxy section */

/* Begin PBXFileReference section */
		5AC81BF61B18CDF700127B21 /* DogYearsConverter.app */ = {isa = PBXFileReference; explicitFileType = wrapper.application; includeInIndex = 0; path = DogYearsConverter.app; sourceTree = BUILT_PRODUCTS_DIR; };
		5AC81BFA1B18CDF700127B21 /* Info.plist */ = {isa = PBXFileReference; lastKnownFileType = text.plist.xml; path = Info.plist; sourceTree = "<group>"; };
		5AC81BFB1B18CDF700127B21 /* AppDelegate.swift */ = {isa = PBXFileReference; lastKnownFileType = sourcecode.swift; path = AppDelegate.swift; sourceTree = "<group>"; };
		5AC81BFD1B18CDF700127B21 /* ViewController.swift */ = {isa = PBXFileReference; lastKnownFileType = sourcecode.swift; path = ViewController.swift; sourceTree = "<group>"; };
		5AC81C001B18CDF700127B21 /* Base */ = {isa = PBXFileReference; lastKnownFileType = file.storyboard; name = Base; path = Base.lproj/Main.storyboard; sourceTree = "<group>"; };
		5AC81C021B18CDF700127B21 /* Images.xcassets */ = {isa = PBXFileReference; lastKnownFileType = folder.assetcatalog; path = Images.xcassets; sourceTree = "<group>"; };
		5AC81C051B18CDF700127B21 /* Base */ = {isa = PBXFileReference; lastKnownFileType = file.xib; name = Base; path = Base.lproj/LaunchScreen.xib; sourceTree = "<group>"; };
		5AC81C0B1B18CDF800127B21 /* DogYearsConverterTests.xctest */ = {isa = PBXFileReference; explicitFileType = wrapper.cfbundle; includeInIndex = 0; path = DogYearsConverterTests.xctest; sourceTree = BUILT_PRODUCTS_DIR; };
		5AC81C101B18CDF800127B21 /* Info.plist */ = {isa = PBXFileReference; lastKnownFileType = text.plist.xml; path = Info.plist; sourceTree = "<group>"; };
		5AC81C111B18CDF800127B21 /* DogYearsConverterTests.swift */ = {isa = PBXFileReference; lastKnownFileType = sourcecode.swift; path = DogYearsConverterTests.swift; sourceTree = "<group>"; };
		5AC81C1B1B18CEC700127B21 /* AgeOfLaika.jpg */ = {isa = PBXFileReference; lastKnownFileType = image.jpeg; path = AgeOfLaika.jpg; sourceTree = "<group>"; };
/* End PBXFileReference section */

/* Begin PBXFrameworksBuildPhase section */
		5AC81BF31B18CDF700127B21 /* Frameworks */ = {
			isa = PBXFrameworksBuildPhase;
			buildActionMask = 2147483647;
			files = (
			);
			runOnlyForDeploymentPostprocessing = 0;
		};
		5AC81C081B18CDF800127B21 /* Frameworks */ = {
			isa = PBXFrameworksBuildPhase;
			buildActionMask = 2147483647;
			files = (
			);
			runOnlyForDeploymentPostprocessing = 0;
		};
/* End PBXFrameworksBuildPhase section */

/* Begin PBXGroup section */
		5AC81BED1B18CDF700127B21 = {
			isa = PBXGroup;
			children = (
				5AC81BF81B18CDF700127B21 /* DogYearsConverter */,
				5AC81C0E1B18CDF800127B21 /* DogYearsConverterTests */,
				5AC81BF71B18CDF700127B21 /* Products */,
			);
			sourceTree = "<group>";
		};
		5AC81BF71B18CDF700127B21 /* Products */ = {
			isa = PBXGroup;
			children = (
				5AC81BF61B18CDF700127B21 /* DogYearsConverter.app */,
				5AC81C0B1B18CDF800127B21 /* DogYearsConverterTests.xctest */,
			);
			name = Products;
			sourceTree = "<group>";
		};
		5AC81BF81B18CDF700127B21 /* DogYearsConverter */ = {
			isa = PBXGroup;
			children = (
				5AC81BFB1B18CDF700127B21 /* AppDelegate.swift */,
				5AC81BFD1B18CDF700127B21 /* ViewController.swift */,
				5AC81BFF1B18CDF700127B21 /* Main.storyboard */,
				5AC81C021B18CDF700127B21 /* Images.xcassets */,
				5AC81C041B18CDF700127B21 /* LaunchScreen.xib */,
				5AC81BF91B18CDF700127B21 /* Supporting Files */,
			);
			path = DogYearsConverter;
			sourceTree = "<group>";
		};
		5AC81BF91B18CDF700127B21 /* Supporting Files */ = {
			isa = PBXGroup;
			children = (
				5AC81C1B1B18CEC700127B21 /* AgeOfLaika.jpg */,
				5AC81BFA1B18CDF700127B21 /* Info.plist */,
			);
			name = "Supporting Files";
			sourceTree = "<group>";
		};
		5AC81C0E1B18CDF800127B21 /* DogYearsConverterTests */ = {
			isa = PBXGroup;
			children = (
				5AC81C111B18CDF800127B21 /* DogYearsConverterTests.swift */,
				5AC81C0F1B18CDF800127B21 /* Supporting Files */,
			);
			path = DogYearsConverterTests;
			sourceTree = "<group>";
		};
		5AC81C0F1B18CDF800127B21 /* Supporting Files */ = {
			isa = PBXGroup;
			children = (
				5AC81C101B18CDF800127B21 /* Info.plist */,
			);
			name = "Supporting Files";
			sourceTree = "<group>";
		};
/* End PBXGroup section */

/* Begin PBXNativeTarget section */
		5AC81BF51B18CDF700127B21 /* DogYearsConverter */ = {
			isa = PBXNativeTarget;
			buildConfigurationList = 5AC81C151B18CDF800127B21 /* Build configuration list for PBXNativeTarget "DogYearsConverter" */;
			buildPhases = (
				5AC81BF21B18CDF700127B21 /* Sources */,
				5AC81BF31B18CDF700127B21 /* Frameworks */,
				5AC81BF41B18CDF700127B21 /* Resources */,
			);
			buildRules = (
			);
			dependencies = (
			);
			name = DogYearsConverter;
			productName = DogYearsConverter;
			productReference = 5AC81BF61B18CDF700127B21 /* DogYearsConverter.app */;
			productType = "com.apple.product-type.application";
		};
		5AC81C0A1B18CDF800127B21 /* DogYearsConverterTests */ = {
			isa = PBXNativeTarget;
			buildConfigurationList = 5AC81C181B18CDF800127B21 /* Build configuration list for PBXNativeTarget "DogYearsConverterTests" */;
			buildPhases = (
				5AC81C071B18CDF800127B21 /* Sources */,
				5AC81C081B18CDF800127B21 /* Frameworks */,
				5AC81C091B18CDF800127B21 /* Resources */,
			);
			buildRules = (
			);
			dependencies = (
				5AC81C0D1B18CDF800127B21 /* PBXTargetDependency */,
			);
			name = DogYearsConverterTests;
			productName = DogYearsConverterTests;
			productReference = 5AC81C0B1B18CDF800127B21 /* DogYearsConverterTests.xctest */;
			productType = "com.apple.product-type.bundle.unit-test";
		};
/* End PBXNativeTarget section */

/* Begin PBXProject section */
		5AC81BEE1B18CDF700127B21 /* Project object */ = {
			isa = PBXProject;
			attributes = {
				LastUpgradeCheck = 0630;
				ORGANIZATIONNAME = rjd;
				TargetAttributes = {
					5AC81BF51B18CDF700127B21 = {
						CreatedOnToolsVersion = 6.3.2;
					};
					5AC81C0A1B18CDF800127B21 = {
						CreatedOnToolsVersion = 6.3.2;
						TestTargetID = 5AC81BF51B18CDF700127B21;
					};
				};
			};
			buildConfigurationList = 5AC81BF11B18CDF700127B21 /* Build configuration list for PBXProject "DogYearsConverter" */;
			compatibilityVersion = "Xcode 3.2";
			developmentRegion = English;
			hasScannedForEncodings = 0;
			knownRegions = (
				en,
				Base,
			);
			mainGroup = 5AC81BED1B18CDF700127B21;
			productRefGroup = 5AC81BF71B18CDF700127B21 /* Products */;
			projectDirPath = "";
			projectRoot = "";
			targets = (
				5AC81BF51B18CDF700127B21 /* DogYearsConverter */,
				5AC81C0A1B18CDF800127B21 /* DogYearsConverterTests */,
			);
		};
/* End PBXProject section */

/* Begin PBXResourcesBuildPhase section */
		5AC81BF41B18CDF700127B21 /* Resources */ = {
			isa = PBXResourcesBuildPhase;
			buildActionMask = 2147483647;
			files = (
				5AC81C011B18CDF700127B21 /* Main.storyboard in Resources */,
				5AC81C1C1B18CEC700127B21 /* AgeOfLaika.jpg in Resources */,
				5AC81C061B18CDF700127B21 /* LaunchScreen.xib in Resources */,
				5AC81C031B18CDF700127B21 /* Images.xcassets in Resources */,
			);
			runOnlyForDeploymentPostprocessing = 0;
		};
		5AC81C091B18CDF800127B21 /* Resources */ = {
			isa = PBXResourcesBuildPhase;
			buildActionMask = 2147483647;
			files = (
			);
			runOnlyForDeploymentPostprocessing = 0;
		};
/* End PBXResourcesBuildPhase section */

/* Begin PBXSourcesBuildPhase section */
		5AC81BF21B18CDF700127B21 /* Sources */ = {
			isa = PBXSourcesBuildPhase;
			buildActionMask = 2147483647;
			files = (
				5AC81BFE1B18CDF700127B21 /* ViewController.swift in Sources */,
				5AC81BFC1B18CDF700127B21 /* AppDelegate.swift in Sources */,
			);
			runOnlyForDeploymentPostprocessing = 0;
		};
		5AC81C071B18CDF800127B21 /* Sources */ = {
			isa = PBXSourcesBuildPhase;
			buildActionMask = 2147483647;
			files = (
				5AC81C121B18CDF800127B21 /* DogYearsConverterTests.swift in Sources */,
			);
			runOnlyForDeploymentPostprocessing = 0;
		};
/* End PBXSourcesBuildPhase section */

/* Begin PBXTargetDependency section */
		5AC81C0D1B18CDF800127B21 /* PBXTargetDependency */ = {
			isa = PBXTargetDependency;
			target = 5AC81BF51B18CDF700127B21 /* DogYearsConverter */;
			targetProxy = 5AC81C0C1B18CDF800127B21 /* PBXContainerItemProxy */;
		};
/* End PBXTargetDependency section */

/* Begin PBXVariantGroup section */
		5AC81BFF1B18CDF700127B21 /* Main.storyboard */ = {
			isa = PBXVariantGroup;
			children = (
				5AC81C001B18CDF700127B21 /* Base */,
			);
			name = Main.storyboard;
			sourceTree = "<group>";
		};
		5AC81C041B18CDF700127B21 /* LaunchScreen.xib */ = {
			isa = PBXVariantGroup;
			children = (
				5AC81C051B18CDF700127B21 /* Base */,
			);
			name = LaunchScreen.xib;
			sourceTree = "<group>";
		};
/* End PBXVariantGroup section */

/* Begin XCBuildConfiguration section */
		5AC81C131B18CDF800127B21 /* Debug */ = {
			isa = XCBuildConfiguration;
			buildSettings = {
				ALWAYS_SEARCH_USER_PATHS = NO;
				CLANG_CXX_LANGUAGE_STANDARD = "gnu++0x";
				CLANG_CXX_LIBRARY = "libc++";
				CLANG_ENABLE_MODULES = YES;
				CLANG_ENABLE_OBJC_ARC = YES;
				CLANG_WARN_BOOL_CONVERSION = YES;
				CLANG_WARN_CONSTANT_CONVERSION = YES;
				CLANG_WARN_DIRECT_OBJC_ISA_USAGE = YES_ERROR;
				CLANG_WARN_EMPTY_BODY = YES;
				CLANG_WARN_ENUM_CONVERSION = YES;
				CLANG_WARN_INT_CONVERSION = YES;
				CLANG_WARN_OBJC_ROOT_CLASS = YES_ERROR;
				CLANG_WARN_UNREACHABLE_CODE = YES;
				CLANG_WARN__DUPLICATE_METHOD_MATCH = YES;
				"CODE_SIGN_IDENTITY[sdk=iphoneos*]" = "iPhone Developer";
				COPY_PHASE_STRIP = NO;
				DEBUG_INFORMATION_FORMAT = "dwarf-with-dsym";
				ENABLE_STRICT_OBJC_MSGSEND = YES;
				GCC_C_LANGUAGE_STANDARD = gnu99;
				GCC_DYNAMIC_NO_PIC = NO;
				GCC_NO_COMMON_BLOCKS = YES;
				GCC_OPTIMIZATION_LEVEL = 0;
				GCC_PREPROCESSOR_DEFINITIONS = (
					"DEBUG=1",
					"$(inherited)",
				);
				GCC_SYMBOLS_PRIVATE_EXTERN = NO;
				GCC_WARN_64_TO_32_BIT_CONVERSION = YES;
				GCC_WARN_ABOUT_RETURN_TYPE = YES_ERROR;
				GCC_WARN_UNDECLARED_SELECTOR = YES;
				GCC_WARN_UNINITIALIZED_AUTOS = YES_AGGRESSIVE;
				GCC_WARN_UNUSED_FUNCTION = YES;
				GCC_WARN_UNUSED_VARIABLE = YES;
				IPHONEOS_DEPLOYMENT_TARGET = 8.3;
				MTL_ENABLE_DEBUG_INFO = YES;
				ONLY_ACTIVE_ARCH = YES;
				SDKROOT = iphoneos;
				SWIFT_OPTIMIZATION_LEVEL = "-Onone";
				TARGETED_DEVICE_FAMILY = "1,2";
			};
			name = Debug;
		};
		5AC81C141B18CDF800127B21 /* Release */ = {
			isa = XCBuildConfiguration;
			buildSettings = {
				ALWAYS_SEARCH_USER_PATHS = NO;
				CLANG_CXX_LANGUAGE_STANDARD = "gnu++0x";
				CLANG_CXX_LIBRARY = "libc++";
				CLANG_ENABLE_MODULES = YES;
				CLANG_ENABLE_OBJC_ARC = YES;
				CLANG_WARN_BOOL_CONVERSION = YES;
				CLANG_WARN_CONSTANT_CONVERSION = YES;
				CLANG_WARN_DIRECT_OBJC_ISA_USAGE = YES_ERROR;
				CLANG_WARN_EMPTY_BODY = YES;
				CLANG_WARN_ENUM_CONVERSION = YES;
				CLANG_WARN_INT_CONVERSION = YES;
				CLANG_WARN_OBJC_ROOT_CLASS = YES_ERROR;
				CLANG_WARN_UNREACHABLE_CODE = YES;
				CLANG_WARN__DUPLICATE_METHOD_MATCH = YES;
				"CODE_SIGN_IDENTITY[sdk=iphoneos*]" = "iPhone Developer";
				COPY_PHASE_STRIP = NO;
				DEBUG_INFORMATION_FORMAT = "dwarf-with-dsym";
				ENABLE_NS_ASSERTIONS = NO;
				ENABLE_STRICT_OBJC_MSGSEND = YES;
				GCC_C_LANGUAGE_STANDARD = gnu99;
				GCC_NO_COMMON_BLOCKS = YES;
				GCC_WARN_64_TO_32_BIT_CONVERSION = YES;
				GCC_WARN_ABOUT_RETURN_TYPE = YES_ERROR;
				GCC_WARN_UNDECLARED_SELECTOR = YES;
				GCC_WARN_UNINITIALIZED_AUTOS = YES_AGGRESSIVE;
				GCC_WARN_UNUSED_FUNCTION = YES;
				GCC_WARN_UNUSED_VARIABLE = YES;
				IPHONEOS_DEPLOYMENT_TARGET = 8.3;
				MTL_ENABLE_DEBUG_INFO = NO;
				SDKROOT = iphoneos;
				TARGETED_DEVICE_FAMILY = "1,2";
				VALIDATE_PRODUCT = YES;
			};
			name = Release;
		};
		5AC81C161B18CDF800127B21 /* Debug */ = {
			isa = XCBuildConfiguration;
			buildSettings = {
				ASSETCATALOG_COMPILER_APPICON_NAME = AppIcon;
				INFOPLIST_FILE = DogYearsConverter/Info.plist;
				LD_RUNPATH_SEARCH_PATHS = "$(inherited) @executable_path/Frameworks";
				PRODUCT_NAME = "$(TARGET_NAME)";
			};
			name = Debug;
		};
		5AC81C171B18CDF800127B21 /* Release */ = {
			isa = XCBuildConfiguration;
			buildSettings = {
				ASSETCATALOG_COMPILER_APPICON_NAME = AppIcon;
				INFOPLIST_FILE = DogYearsConverter/Info.plist;
				LD_RUNPATH_SEARCH_PATHS = "$(inherited) @executable_path/Frameworks";
				PRODUCT_NAME = "$(TARGET_NAME)";
			};
			name = Release;
		};
		5AC81C191B18CDF800127B21 /* Debug */ = {
			isa = XCBuildConfiguration;
			buildSettings = {
				BUNDLE_LOADER = "$(TEST_HOST)";
				FRAMEWORK_SEARCH_PATHS = (
					"$(SDKROOT)/Developer/Library/Frameworks",
					"$(inherited)",
				);
				GCC_PREPROCESSOR_DEFINITIONS = (
					"DEBUG=1",
					"$(inherited)",
				);
				INFOPLIST_FILE = DogYearsConverterTests/Info.plist;
				LD_RUNPATH_SEARCH_PATHS = "$(inherited) @executable_path/Frameworks @loader_path/Frameworks";
				PRODUCT_NAME = "$(TARGET_NAME)";
				TEST_HOST = "$(BUILT_PRODUCTS_DIR)/DogYearsConverter.app/DogYearsConverter";
			};
			name = Debug;
		};
		5AC81C1A1B18CDF800127B21 /* Release */ = {
			isa = XCBuildConfiguration;
			buildSettings = {
				BUNDLE_LOADER = "$(TEST_HOST)";
				FRAMEWORK_SEARCH_PATHS = (
					"$(SDKROOT)/Developer/Library/Frameworks",
					"$(inherited)",
				);
				INFOPLIST_FILE = DogYearsConverterTests/Info.plist;
				LD_RUNPATH_SEARCH_PATHS = "$(inherited) @executable_path/Frameworks @loader_path/Frameworks";
				PRODUCT_NAME = "$(TARGET_NAME)";
				TEST_HOST = "$(BUILT_PRODUCTS_DIR)/DogYearsConverter.app/DogYearsConverter";
			};
			name = Release;
		};
/* End XCBuildConfiguration section */

/* Begin XCConfigurationList section */
		5AC81BF11B18CDF700127B21 /* Build configuration list for PBXProject "DogYearsConverter" */ = {
			isa = XCConfigurationList;
			buildConfigurations = (
				5AC81C131B18CDF800127B21 /* Debug */,
				5AC81C141B18CDF800127B21 /* Release */,
			);
			defaultConfigurationIsVisible = 0;
			defaultConfigurationName = Release;
		};
		5AC81C151B18CDF800127B21 /* Build configuration list for PBXNativeTarget "DogYearsConverter" */ = {
			isa = XCConfigurationList;
			buildConfigurations = (
				5AC81C161B18CDF800127B21 /* Debug */,
				5AC81C171B18CDF800127B21 /* Release */,
			);
			defaultConfigurationIsVisible = 0;
		};
		5AC81C181B18CDF800127B21 /* Build configuration list for PBXNativeTarget "DogYearsConverterTests" */ = {
			isa = XCConfigurationList;
			buildConfigurations = (
				5AC81C191B18CDF800127B21 /* Debug */,
				5AC81C1A1B18CDF800127B21 /* Release */,
			);
			defaultConfigurationIsVisible = 0;
		};
/* End XCConfigurationList section */
	};
	rootObject = 5AC81BEE1B18CDF700127B21 /* Project object */;
}
